lockfileVersion: 5.4

specifiers:
  '@biscuitland/api-types': ^1.2.0
  '@biscuitland/core': ^1.2.0
  '@swc/core': ^1.2.223
  '@types/node': ^18.6.4
  dotenv: ^16.0.1
  fortunelib: 'link:'
  tslib: ^2.4.0
  typescript: ^4.7.4

dependencies:
  '@biscuitland/api-types': 1.2.0
  '@biscuitland/core': 1.2.0
  dotenv: 16.0.1
  fortunelib: 'link:'
  tslib: 2.4.0

devDependencies:
  '@swc/core': 1.2.223
  '@types/node': 18.6.4
  typescript: 4.7.4

packages:

  /@biscuitland/api-types/1.2.0:
    resolution: {integrity: sha512-jjUr9pjWLvrCb99nmApc25H32bNaZ+Jlm6iJ1DSqYS0LVC33y6xYJ2yQxl3VAF1bcY8NCGiOit5vWUNblyTTOA==}
    dev: false

  /@biscuitland/core/1.2.0:
    resolution: {integrity: sha512-BAnUFMvtvkBr/jKNoV21iR5RpPasRgaCSy42HiTC0HACfzXBNakpDvKxsvWBBb0j6ARvNqI8FEgw5vLrBY2kcg==}
    dependencies:
      '@biscuitland/api-types': 1.2.0
      '@biscuitland/rest': 1.2.0
      '@biscuitland/ws': 1.2.0
    transitivePeerDependencies:
      - bufferutil
      - utf-8-validate
    dev: false

  /@biscuitland/rest/1.2.0:
    resolution: {integrity: sha512-dYQXKDeHv/isl/IDVpxSoCB5IwNSMYR39p9Il+FCKGJi6Y6vyEd94oSLrSWoNW1RJbjK9Q8gk35wHZrZFnaWEg==}
    dependencies:
      '@biscuitland/api-types': 1.2.0
    dev: false

  /@biscuitland/ws/1.2.0:
    resolution: {integrity: sha512-Ed/VNQXzyq6gF6HmrCGk7lzmgcwDstuO6vQ9x9ZuOuUOToc5bNyACMYUKbjwnFG2p05tD/Vzgs62Bk4LBAf7GQ==}
    dependencies:
      '@biscuitland/api-types': 1.2.0
      ws: 8.8.1
    transitivePeerDependencies:
      - bufferutil
      - utf-8-validate
    dev: false

  /@swc/core-android-arm-eabi/1.2.223:
    resolution: {integrity: sha512-Hy/ya4oy80Ay70H9vhA8W0/FU9aQ/oQjvZ/on+wcNMATAiU9tk47i73LtPM01GruNiYJOwFcf2XWjlTpq5a0BQ==}
    engines: {node: '>=10'}
    cpu: [arm]
    os: [android]
    requiresBuild: true
    dependencies:
      '@swc/wasm': 1.2.122
    dev: true
    optional: true

  /@swc/core-android-arm64/1.2.223:
    resolution: {integrity: sha512-qujrIXDBMWcPcdtTG/r+RNVBU5rg2Sk9Vg+U4FybX3c34rIyX2QYu5sxwM/HIGfd6wCbt5lyFZOvgSY000MTNw==}
    engines: {node: '>=10'}
    cpu: [arm64]
    os: [android]
    requiresBuild: true
    dependencies:
      '@swc/wasm': 1.2.130
    dev: true
    optional: true

  /@swc/core-darwin-arm64/1.2.223:
    resolution: {integrity: sha512-CX32sRhAnFj3fJI6V4vdu5IUV5frEZNZM6hIPUs1UuVpxyuto9IZwd2y7/ACItB5RipA3VDL/c7jrFdSmfrgzg==}
    engines: {node: '>=10'}
    cpu: [arm64]
    os: [darwin]
    requiresBuild: true
    dev: true
    optional: true

  /@swc/core-darwin-x64/1.2.223:
    resolution: {integrity: sha512-5FVQgWtqMmpOtky0JLTIF4a1WiAkuDOe5mwgzpi8nZ7nCxNo/DNThBbnIDlNhrR4M/1M6wzPshn1wNivvD7MQw==}
    engines: {node: '>=10'}
    cpu: [x64]
    os: [darwin]
    requiresBuild: true
    dev: true
    optional: true

  /@swc/core-freebsd-x64/1.2.223:
    resolution: {integrity: sha512-5oumS+YZyOMMKc5D3Bvf/541SF8n4b8LQ5x4WFA2CdAzD/jCgphE0IoAZ0u3bHz9S6Tl6Emu11V+/ALHE1oUew==}
    engines: {node: '>=10'}
    cpu: [x64]
    os: [freebsd]
    requiresBuild: true
    dependencies:
      '@swc/wasm': 1.2.130
    dev: true
    optional: true

  /@swc/core-linux-arm-gnueabihf/1.2.223:
    resolution: {integrity: sha512-osYjVijq101xZjwPUKR6AUib1LZU9laaM3aEOyElAi8cHolsZEp8D9ynr7cSWFUZJuzpTlY7iuJeY3FszdWrJA==}
    engines: {node: '>=10'}
    cpu: [arm]
    os: [linux]
    requiresBuild: true
    dependencies:
      '@swc/wasm': 1.2.130
    dev: true
    optional: true

  /@swc/core-linux-arm64-gnu/1.2.223:
    resolution: {integrity: sha512-JZdPZIZzkJ6R+XB0lCnL0eD9VK/JfpZgKBqR3Gur9Fxs8Ea9p1HhZHSEAJ2T2YwV629dYjXwKqraOkLQrEMzCg==}
    engines: {node: '>=10'}
    cpu: [arm64]
    os: [linux]
    requiresBuild: true
    dev: true
    optional: true

  /@swc/core-linux-arm64-musl/1.2.223:
    resolution: {integrity: sha512-9BVDH5Cq+VlAuJrshCgxWgziLEGzShZ2OVZ7SEA/+md1y69x2VdMR9lMSfD/EXqb6AJAaFODRe20Irtppeqr2Q==}
    engines: {node: '>=10'}
    cpu: [arm64]
    os: [linux]
    requiresBuild: true
    dev: true
    optional: true

  /@swc/core-linux-x64-gnu/1.2.223:
    resolution: {integrity: sha512-Z+KAxSpUDNEPfjOKX/tZk67StvzIyAhTc5FPWoVhx5CBlkGQaDBRl1TNmb1wdne/WF9xVkx6wz22pvNevX5fig==}
    engines: {node: '>=10'}
    cpu: [x64]
    os: [linux]
    requiresBuild: true
    dev: true
    optional: true

  /@swc/core-linux-x64-musl/1.2.223:
    resolution: {integrity: sha512-3EkAOA0KQdm7Rw/0L5odtDKAtmzhgF7FKTL+zZb+s0ju5oMwFGN+XIIwUQdPSf11Ej3ezjHjHTFTlv0xqutfuA==}
    engines: {node: '>=10'}
    cpu: [x64]
    os: [linux]
    requiresBuild: true
    dev: true
    optional: true

  /@swc/core-win32-arm64-msvc/1.2.223:
    resolution: {integrity: sha512-n8LWkej30hvfvazrJgwS6kwBZXMFCevLiRsZmP8O4hpC9b1wfAa+KLm4nHOR+J8jwF7LEjiERdU6tbIWZz0Tnw==}
    engines: {node: '>=10'}
    cpu: [arm64]
    os: [win32]
    requiresBuild: true
    dependencies:
      '@swc/wasm': 1.2.130
    dev: true
    optional: true

  /@swc/core-win32-ia32-msvc/1.2.223:
    resolution: {integrity: sha512-kEDGFFUC6xPqCom03QtR+76Ptwtf8RABI4FqRdvrvbasw9zj0xkuLSDCvqL72zdOZCWRciiFijQVHfndLByMAQ==}
    engines: {node: '>=10'}
    cpu: [ia32]
    os: [win32]
    requiresBuild: true
    dependencies:
      '@swc/wasm': 1.2.130
    dev: true
    optional: true

  /@swc/core-win32-x64-msvc/1.2.223:
    resolution: {integrity: sha512-nzL8rwzMFA9cBK2s+QBMPcNnoGSPMfgY9ypRw/nTp0hQDgdLOXHy9moGFJg8dbdQD39kC5s8yQ0BmyKvePILgg==}
    engines: {node: '>=10'}
    cpu: [x64]
    os: [win32]
    requiresBuild: true
    dev: true
    optional: true

  /@swc/core/1.2.223:
    resolution: {integrity: sha512-LcKX1frJ1iJDSYlY9Bg0vm0rYsXloITh6PdEYM5amT73J9mC1c2YpWLnWQiH2QpcyblyMhX1pk1eZ2JZjaynrQ==}
    engines: {node: '>=10'}
    hasBin: true
    requiresBuild: true
    optionalDependencies:
      '@swc/core-android-arm-eabi': 1.2.223
      '@swc/core-android-arm64': 1.2.223
      '@swc/core-darwin-arm64': 1.2.223
      '@swc/core-darwin-x64': 1.2.223
      '@swc/core-freebsd-x64': 1.2.223
      '@swc/core-linux-arm-gnueabihf': 1.2.223
      '@swc/core-linux-arm64-gnu': 1.2.223
      '@swc/core-linux-arm64-musl': 1.2.223
      '@swc/core-linux-x64-gnu': 1.2.223
      '@swc/core-linux-x64-musl': 1.2.223
      '@swc/core-win32-arm64-msvc': 1.2.223
      '@swc/core-win32-ia32-msvc': 1.2.223
      '@swc/core-win32-x64-msvc': 1.2.223
    dev: true

  /@swc/wasm/1.2.122:
    resolution: {integrity: sha512-sM1VCWQxmNhFtdxME+8UXNyPNhxNu7zdb6ikWpz0YKAQQFRGT5ThZgJrubEpah335SUToNg8pkdDF7ibVCjxbQ==}
    requiresBuild: true
    dev: true
    optional: true

  /@swc/wasm/1.2.130:
    resolution: {integrity: sha512-rNcJsBxS70+pv8YUWwf5fRlWX6JoY/HJc25HD/F8m6Kv7XhJdqPPMhyX6TKkUBPAG7TWlZYoxa+rHAjPy4Cj3Q==}
    requiresBuild: true
    dev: true
    optional: true

  /@types/node/18.6.4:
    resolution: {integrity: sha512-I4BD3L+6AWiUobfxZ49DlU43gtI+FTHSv9pE2Zekg6KjMpre4ByusaljW3vYSLJrvQ1ck1hUaeVu8HVlY3vzHg==}
    dev: true

  /dotenv/16.0.1:
    resolution: {integrity: sha512-1K6hR6wtk2FviQ4kEiSjFiH5rpzEVi8WW0x96aztHVMhEspNpc4DVOUTEHtEva5VThQ8IaBX1Pe4gSzpVVUsKQ==}
    engines: {node: '>=12'}
    dev: false

  /tslib/2.4.0:
    resolution: {integrity: sha512-d6xOpEDfsi2CZVlPQzGeux8XMwLT9hssAsaPYExaQMuYskwb+x1x7J371tWlbBdWHroy99KnVB6qIkUbs5X3UQ==}
    dev: false

  /typescript/4.7.4:
    resolution: {integrity: sha512-C0WQT0gezHuw6AdY1M2jxUO83Rjf0HP7Sk1DtXj6j1EwkQNZrHAg2XPWlq62oqEhYvONq5pkC2Y9oPljWToLmQ==}
    engines: {node: '>=4.2.0'}
    hasBin: true
    dev: true

  /ws/8.8.1:
    resolution: {integrity: sha512-bGy2JzvzkPowEJV++hF07hAD6niYSr0JzBNo/J29WsB57A2r7Wlc1UFcTR9IzrPvuNVO4B8LGqF8qcpsVOhJCA==}
    engines: {node: '>=10.0.0'}
    peerDependencies:
      bufferutil: ^4.0.1
      utf-8-validate: ^5.0.2
    peerDependenciesMeta:
      bufferutil:
        optional: true
      utf-8-validate:
        optional: true
    dev: false
